// !$*UTF8*$!
{
	archiveVersion = 1;
	classes = {
	};
	objectVersion = 51;
	objects = {

/* Begin PBXBuildFile section */
		241F40072427E114001547F6 /* AppDelegate.swift in Sources */ = {isa = PBXBuildFile; fileRef = 241F40062427E114001547F6 /* AppDelegate.swift */; };
		241F40092427E114001547F6 /* SceneDelegate.swift in Sources */ = {isa = PBXBuildFile; fileRef = 241F40082427E114001547F6 /* SceneDelegate.swift */; };
		241F400B2427E114001547F6 /* ViewController.swift in Sources */ = {isa = PBXBuildFile; fileRef = 241F400A2427E114001547F6 /* ViewController.swift */; };
		241F400E2427E114001547F6 /* Main.storyboard in Resources */ = {isa = PBXBuildFile; fileRef = 241F400C2427E114001547F6 /* Main.storyboard */; };
		241F40132427E117001547F6 /* LaunchScreen.storyboard in Resources */ = {isa = PBXBuildFile; fileRef = 241F40112427E117001547F6 /* LaunchScreen.storyboard */; };
		241F40A124323DD7001547F6 /* Top_ViewController.swift in Sources */ = {isa = PBXBuildFile; fileRef = 241F40A024323DD7001547F6 /* Top_ViewController.swift */; };
		248FA4C4243B3C2900DDA084 /* Assets.xcassets in Resources */ = {isa = PBXBuildFile; fileRef = 248FA4C3243B3C2900DDA084 /* Assets.xcassets */; };
		D6AB04AF08B7C59E96D6BBF9 /* Pods_find_shop.framework in Frameworks */ = {isa = PBXBuildFile; fileRef = BFE5BAF8E5D1EACA1FCDFA3D /* Pods_find_shop.framework */; };
/* End PBXBuildFile section */

/* Begin PBXFileReference section */
		241F40032427E114001547F6 /* find_shop.app */ = {isa = PBXFileReference; explicitFileType = wrapper.application; includeInIndex = 0; path = find_shop.app; sourceTree = BUILT_PRODUCTS_DIR; };
		241F40062427E114001547F6 /* AppDelegate.swift */ = {isa = PBXFileReference; lastKnownFileType = sourcecode.swift; path = AppDelegate.swift; sourceTree = "<group>"; };
		241F40082427E114001547F6 /* SceneDelegate.swift */ = {isa = PBXFileReference; lastKnownFileType = sourcecode.swift; path = SceneDelegate.swift; sourceTree = "<group>"; };
		241F400A2427E114001547F6 /* ViewController.swift */ = {isa = PBXFileReference; lastKnownFileType = sourcecode.swift; path = ViewController.swift; sourceTree = "<group>"; };
		241F400D2427E114001547F6 /* Base */ = {isa = PBXFileReference; lastKnownFileType = file.storyboard; name = Base; path = Base.lproj/Main.storyboard; sourceTree = "<group>"; };
		241F40122427E117001547F6 /* Base */ = {isa = PBXFileReference; lastKnownFileType = file.storyboard; name = Base; path = Base.lproj/LaunchScreen.storyboard; sourceTree = "<group>"; };
		241F40142427E117001547F6 /* Info.plist */ = {isa = PBXFileReference; lastKnownFileType = text.plist.xml; path = Info.plist; sourceTree = "<group>"; };
		241F40A024323DD7001547F6 /* Top_ViewController.swift */ = {isa = PBXFileReference; lastKnownFileType = sourcecode.swift; path = Top_ViewController.swift; sourceTree = "<group>"; };
		248FA4C3243B3C2900DDA084 /* Assets.xcassets */ = {isa = PBXFileReference; lastKnownFileType = folder.assetcatalog; path = Assets.xcassets; sourceTree = "<group>"; };
		9CC9D422F51E342D9531E8F2 /* Pods-find_shop.debug.xcconfig */ = {isa = PBXFileReference; includeInIndex = 1; lastKnownFileType = text.xcconfig; name = "Pods-find_shop.debug.xcconfig"; path = "Target Support Files/Pods-find_shop/Pods-find_shop.debug.xcconfig"; sourceTree = "<group>"; };
		BFE5BAF8E5D1EACA1FCDFA3D /* Pods_find_shop.framework */ = {isa = PBXFileReference; explicitFileType = wrapper.framework; includeInIndex = 0; path = Pods_find_shop.framework; sourceTree = BUILT_PRODUCTS_DIR; };
		FEBDD70B71936674C190AB57 /* Pods-find_shop.release.xcconfig */ = {isa = PBXFileReference; includeInIndex = 1; lastKnownFileType = text.xcconfig; name = "Pods-find_shop.release.xcconfig"; path = "Target Support Files/Pods-find_shop/Pods-find_shop.release.xcconfig"; sourceTree = "<group>"; };
/* End PBXFileReference section */

/* Begin PBXFrameworksBuildPhase section */
		241F40002427E114001547F6 /* Frameworks */ = {
			isa = PBXFrameworksBuildPhase;
			buildActionMask = 2147483647;
			files = (
				D6AB04AF08B7C59E96D6BBF9 /* Pods_find_shop.framework in Frameworks */,
			);
			runOnlyForDeploymentPostprocessing = 0;
		};
/* End PBXFrameworksBuildPhase section */

/* Begin PBXGroup section */
		241F3FFA2427E114001547F6 = {
			isa = PBXGroup;
			children = (
				241F40052427E114001547F6 /* find_shop */,
				241F40042427E114001547F6 /* Products */,
				B9A08C3812F5A17737A0413B /* Pods */,
				2AE1167507D992E5BC219214 /* Frameworks */,
			);
			sourceTree = "<group>";
		};
		241F40042427E114001547F6 /* Products */ = {
			isa = PBXGroup;
			children = (
				241F40032427E114001547F6 /* find_shop.app */,
			);
			name = Products;
			sourceTree = "<group>";
		};
		241F40052427E114001547F6 /* find_shop */ = {
			isa = PBXGroup;
			children = (
				241F40062427E114001547F6 /* AppDelegate.swift */,
				241F40082427E114001547F6 /* SceneDelegate.swift */,
				241F400A2427E114001547F6 /* ViewController.swift */,
				241F40A024323DD7001547F6 /* Top_ViewController.swift */,
				241F400C2427E114001547F6 /* Main.storyboard */,
				248FA4C3243B3C2900DDA084 /* Assets.xcassets */,
				241F40112427E117001547F6 /* LaunchScreen.storyboard */,
				241F40142427E117001547F6 /* Info.plist */,
			);
			path = find_shop;
			sourceTree = "<group>";
		};
		2AE1167507D992E5BC219214 /* Frameworks */ = {
			isa = PBXGroup;
			children = (
				BFE5BAF8E5D1EACA1FCDFA3D /* Pods_find_shop.framework */,
			);
			name = Frameworks;
			sourceTree = "<group>";
		};
		B9A08C3812F5A17737A0413B /* Pods */ = {
			isa = PBXGroup;
			children = (
				9CC9D422F51E342D9531E8F2 /* Pods-find_shop.debug.xcconfig */,
				FEBDD70B71936674C190AB57 /* Pods-find_shop.release.xcconfig */,
			);
			path = Pods;
			sourceTree = "<group>";
		};
/* End PBXGroup section */

/* Begin PBXNativeTarget section */
		241F40022427E114001547F6 /* find_shop */ = {
			isa = PBXNativeTarget;
			buildConfigurationList = 241F40172427E117001547F6 /* Build configuration list for PBXNativeTarget "find_shop" */;
			buildPhases = (
				B29B0731CDAC8D3859ED3786 /* [CP] Check Pods Manifest.lock */,
				241F3FFF2427E114001547F6 /* Sources */,
				241F40002427E114001547F6 /* Frameworks */,
				241F40012427E114001547F6 /* Resources */,
				19DF9203C19E254083D551F8 /* [CP] Copy Pods Resources */,
				E73FC96BE8546B7B4BB2C393 /* [CP] Embed Pods Frameworks */,
			);
			buildRules = (
			);
			dependencies = (
			);
			name = find_shop;
			productName = find_shop;
			productReference = 241F40032427E114001547F6 /* find_shop.app */;
			productType = "com.apple.product-type.application";
		};
/* End PBXNativeTarget section */

/* Begin PBXProject section */
		241F3FFB2427E114001547F6 /* Project object */ = {
			isa = PBXProject;
			attributes = {
				LastSwiftUpdateCheck = 1130;
				LastUpgradeCheck = 1130;
				ORGANIZATIONNAME = "Yuya Aoki";
				TargetAttributes = {
					241F40022427E114001547F6 = {
						CreatedOnToolsVersion = 11.3.1;
					};
				};
			};
			buildConfigurationList = 241F3FFE2427E114001547F6 /* Build configuration list for PBXProject "find_shop" */;
			compatibilityVersion = "Xcode 9.3";
			developmentRegion = en;
			hasScannedForEncodings = 0;
			knownRegions = (
				en,
				Base,
			);
			mainGroup = 241F3FFA2427E114001547F6;
			productRefGroup = 241F40042427E114001547F6 /* Products */;
			projectDirPath = "";
			projectRoot = "";
			targets = (
				241F40022427E114001547F6 /* find_shop */,
			);
		};
/* End PBXProject section */

/* Begin PBXResourcesBuildPhase section */
		241F40012427E114001547F6 /* Resources */ = {
			isa = PBXResourcesBuildPhase;
			buildActionMask = 2147483647;
			files = (
				241F40132427E117001547F6 /* LaunchScreen.storyboard in Resources */,
				248FA4C4243B3C2900DDA084 /* Assets.xcassets in Resources */,
				241F400E2427E114001547F6 /* Main.storyboard in Resources */,
			);
			runOnlyForDeploymentPostprocessing = 0;
		};
/* End PBXResourcesBuildPhase section */

/* Begin PBXShellScriptBuildPhase section */
		19DF9203C19E254083D551F8 /* [CP] Copy Pods Resources */ = {
			isa = PBXShellScriptBuildPhase;
			buildActionMask = 2147483647;
			files = (
			);
			inputFileListPaths = (
				"${PODS_ROOT}/Target Support Files/Pods-find_shop/Pods-find_shop-resources-${CONFIGURATION}-input-files.xcfilelist",
			);
			name = "[CP] Copy Pods Resources";
			outputFileListPaths = (
				"${PODS_ROOT}/Target Support Files/Pods-find_shop/Pods-find_shop-resources-${CONFIGURATION}-output-files.xcfilelist",
			);
			runOnlyForDeploymentPostprocessing = 0;
			shellPath = /bin/sh;
			shellScript = "\"${PODS_ROOT}/Target Support Files/Pods-find_shop/Pods-find_shop-resources.sh\"\n";
			showEnvVarsInLog = 0;
		};
		B29B0731CDAC8D3859ED3786 /* [CP] Check Pods Manifest.lock */ = {
			isa = PBXShellScriptBuildPhase;
			buildActionMask = 2147483647;
			files = (
			);
			inputFileListPaths = (
			);
			inputPaths = (
				"${PODS_PODFILE_DIR_PATH}/Podfile.lock",
				"${PODS_ROOT}/Manifest.lock",
			);
			name = "[CP] Check Pods Manifest.lock";
			outputFileListPaths = (
			);
			outputPaths = (
				"$(DERIVED_FILE_DIR)/Pods-find_shop-checkManifestLockResult.txt",
			);
			runOnlyForDeploymentPostprocessing = 0;
			shellPath = /bin/sh;
			shellScript = "diff \"${PODS_PODFILE_DIR_PATH}/Podfile.lock\" \"${PODS_ROOT}/Manifest.lock\" > /dev/null\nif [ $? != 0 ] ; then\n    # print error to STDERR\n    echo \"error: The sandbox is not in sync with the Podfile.lock. Run 'pod install' or update your CocoaPods installation.\" >&2\n    exit 1\nfi\n# This output is used by Xcode 'outputs' to avoid re-running this script phase.\necho \"SUCCESS\" > \"${SCRIPT_OUTPUT_FILE_0}\"\n";
			showEnvVarsInLog = 0;
		};
		E73FC96BE8546B7B4BB2C393 /* [CP] Embed Pods Frameworks */ = {
			isa = PBXShellScriptBuildPhase;
			buildActionMask = 2147483647;
			files = (
			);
			inputFileListPaths = (
				"${PODS_ROOT}/Target Support Files/Pods-find_shop/Pods-find_shop-frameworks-${CONFIGURATION}-input-files.xcfilelist",
			);
			name = "[CP] Embed Pods Frameworks";
			outputFileListPaths = (
				"${PODS_ROOT}/Target Support Files/Pods-find_shop/Pods-find_shop-frameworks-${CONFIGURATION}-output-files.xcfilelist",
			);
			runOnlyForDeploymentPostprocessing = 0;
			shellPath = /bin/sh;
			shellScript = "\"${PODS_ROOT}/Target Support Files/Pods-find_shop/Pods-find_shop-frameworks.sh\"\n";
			showEnvVarsInLog = 0;
		};
/* End PBXShellScriptBuildPhase section */

/* Begin PBXSourcesBuildPhase section */
		241F3FFF2427E114001547F6 /* Sources */ = {
			isa = PBXSourcesBuildPhase;
			buildActionMask = 2147483647;
			files = (
				241F40A124323DD7001547F6 /* Top_ViewController.swift in Sources */,
				241F400B2427E114001547F6 /* ViewController.swift in Sources */,
				241F40072427E114001547F6 /* AppDelegate.swift in Sources */,
				241F40092427E114001547F6 /* SceneDelegate.swift in Sources */,
			);
			runOnlyForDeploymentPostprocessing = 0;
		};
/* End PBXSourcesBuildPhase section */

/* Begin PBXVariantGroup section */
		241F400C2427E114001547F6 /* Main.storyboard */ = {
			isa = PBXVariantGroup;
			children = (
				241F400D2427E114001547F6 /* Base */,
			);
			name = Main.storyboard;
			sourceTree = "<group>";
		};
		241F40112427E117001547F6 /* LaunchScreen.storyboard */ = {
			isa = PBXVariantGroup;
			children = (
				241F40122427E117001547F6 /* Base */,
			);
			name = LaunchScreen.storyboard;
			sourceTree = "<group>";
		};
/* End PBXVariantGroup section */

/* Begin XCBuildConfiguration section */
		241F40152427E117001547F6 /* Debug */ = {
			isa = XCBuildConfiguration;
			buildSettings = {
				ALWAYS_SEARCH_USER_PATHS = NO;
				CLANG_ANALYZER_NONNULL = YES;
				CLANG_ANALYZER_NUMBER_OBJECT_CONVERSION = YES_AGGRESSIVE;
				CLANG_CXX_LANGUAGE_STANDARD = "gnu++14";
				CLANG_CXX_LIBRARY = "libc++";
				CLANG_ENABLE_MODULES = YES;
				CLANG_ENABLE_OBJC_ARC = YES;
				CLANG_ENABLE_OBJC_WEAK = YES;
				CLANG_WARN_BLOCK_CAPTURE_AUTORELEASING = YES;
				CLANG_WARN_BOOL_CONVERSION = YES;
				CLANG_WARN_COMMA = YES;
				CLANG_WARN_CONSTANT_CONVERSION = YES;
				CLANG_WARN_DEPRECATED_OBJC_IMPLEMENTATIONS = YES;
				CLANG_WARN_DIRECT_OBJC_ISA_USAGE = YES_ERROR;
				CLANG_WARN_DOCUMENTATION_COMMENTS = YES;
				CLANG_WARN_EMPTY_BODY = YES;
				CLANG_WARN_ENUM_CONVERSION = YES;
				CLANG_WARN_INFINITE_RECURSION = YES;
				CLANG_WARN_INT_CONVERSION = YES;
				CLANG_WARN_NON_LITERAL_NULL_CONVERSION = YES;
				CLANG_WARN_OBJC_IMPLICIT_RETAIN_SELF = YES;
				CLANG_WARN_OBJC_LITERAL_CONVERSION = YES;
				CLANG_WARN_OBJC_ROOT_CLASS = YES_ERROR;
				CLANG_WARN_RANGE_LOOP_ANALYSIS = YES;
				CLANG_WARN_STRICT_PROTOTYPES = YES;
				CLANG_WARN_SUSPICIOUS_MOVE = YES;
				CLANG_WARN_UNGUARDED_AVAILABILITY = YES_AGGRESSIVE;
				CLANG_WARN_UNREACHABLE_CODE = YES;
				CLANG_WARN__DUPLICATE_METHOD_MATCH = YES;
				COPY_PHASE_STRIP = NO;
				DEBUG_INFORMATION_FORMAT = dwarf;
				ENABLE_STRICT_OBJC_MSGSEND = YES;
				ENABLE_TESTABILITY = YES;
				GCC_C_LANGUAGE_STANDARD = gnu11;
				GCC_DYNAMIC_NO_PIC = NO;
				GCC_NO_COMMON_BLOCKS = YES;
				GCC_OPTIMIZATION_LEVEL = 0;
				GCC_PREPROCESSOR_DEFINITIONS = (
					"DEBUG=1",
					"$(inherited)",
				);
				GCC_WARN_64_TO_32_BIT_CONVERSION = YES;
				GCC_WARN_ABOUT_RETURN_TYPE = YES_ERROR;
				GCC_WARN_UNDECLARED_SELECTOR = YES;
				GCC_WARN_UNINITIALIZED_AUTOS = YES_AGGRESSIVE;
				GCC_WARN_UNUSED_FUNCTION = YES;
				GCC_WARN_UNUSED_VARIABLE = YES;
				IPHONEOS_DEPLOYMENT_TARGET = 13.2;
				MTL_ENABLE_DEBUG_INFO = INCLUDE_SOURCE;
				MTL_FAST_MATH = YES;
				ONLY_ACTIVE_ARCH = YES;
				SDKROOT = iphoneos;
				SWIFT_ACTIVE_COMPILATION_CONDITIONS = DEBUG;
				SWIFT_OPTIMIZATION_LEVEL = "-Onone";
			};
			name = Debug;
		};
		241F40162427E117001547F6 /* Release */ = {
			isa = XCBuildConfiguration;
			buildSettings = {
				ALWAYS_SEARCH_USER_PATHS = NO;
				CLANG_ANALYZER_NONNULL = YES;
				CLANG_ANALYZER_NUMBER_OBJECT_CONVERSION = YES_AGGRESSIVE;
				CLANG_CXX_LANGUAGE_STANDARD = "gnu++14";
				CLANG_CXX_LIBRARY = "libc++";
				CLANG_ENABLE_MODULES = YES;
				CLANG_ENABLE_OBJC_ARC = YES;
				CLANG_ENABLE_OBJC_WEAK = YES;
				CLANG_WARN_BLOCK_CAPTURE_AUTORELEASING = YES;
				CLANG_WARN_BOOL_CONVERSION = YES;
				CLANG_WARN_COMMA = YES;
				CLANG_WARN_CONSTANT_CONVERSION = YES;
				CLANG_WARN_DEPRECATED_OBJC_IMPLEMENTATIONS = YES;
				CLANG_WARN_DIRECT_OBJC_ISA_USAGE = YES_ERROR;
				CLANG_WARN_DOCUMENTATION_COMMENTS = YES;
				CLANG_WARN_EMPTY_BODY = YES;
				CLANG_WARN_ENUM_CONVERSION = YES;
				CLANG_WARN_INFINITE_RECURSION = YES;
				CLANG_WARN_INT_CONVERSION = YES;
				CLANG_WARN_NON_LITERAL_NULL_CONVERSION = YES;
				CLANG_WARN_OBJC_IMPLICIT_RETAIN_SELF = YES;
				CLANG_WARN_OBJC_LITERAL_CONVERSION = YES;
				CLANG_WARN_OBJC_ROOT_CLASS = YES_ERROR;
				CLANG_WARN_RANGE_LOOP_ANALYSIS = YES;
				CLANG_WARN_STRICT_PROTOTYPES = YES;
				CLANG_WARN_SUSPICIOUS_MOVE = YES;
				CLANG_WARN_UNGUARDED_AVAILABILITY = YES_AGGRESSIVE;
				CLANG_WARN_UNREACHABLE_CODE = YES;
				CLANG_WARN__DUPLICATE_METHOD_MATCH = YES;
				COPY_PHASE_STRIP = NO;
				DEBUG_INFORMATION_FORMAT = "dwarf-with-dsym";
				ENABLE_NS_ASSERTIONS = NO;
				ENABLE_STRICT_OBJC_MSGSEND = YES;
				GCC_C_LANGUAGE_STANDARD = gnu11;
				GCC_NO_COMMON_BLOCKS = YES;
				GCC_WARN_64_TO_32_BIT_CONVERSION = YES;
				GCC_WARN_ABOUT_RETURN_TYPE = YES_ERROR;
				GCC_WARN_UNDECLARED_SELECTOR = YES;
				GCC_WARN_UNINITIALIZED_AUTOS = YES_AGGRESSIVE;
				GCC_WARN_UNUSED_FUNCTION = YES;
				GCC_WARN_UNUSED_VARIABLE = YES;
				IPHONEOS_DEPLOYMENT_TARGET = 13.2;
				MTL_ENABLE_DEBUG_INFO = NO;
				MTL_FAST_MATH = YES;
				SDKROOT = iphoneos;
				SWIFT_COMPILATION_MODE = wholemodule;
				SWIFT_OPTIMIZATION_LEVEL = "-O";
				VALIDATE_PRODUCT = YES;
			};
			name = Release;
		};
		241F40182427E117001547F6 /* Debug */ = {
			isa = XCBuildConfiguration;
			baseConfigurationReference = 9CC9D422F51E342D9531E8F2 /* Pods-find_shop.debug.xcconfig */;
			buildSettings = {
				ASSETCATALOG_COMPILER_APPICON_NAME = AppIcon;
				CODE_SIGN_STYLE = Automatic;
				INFOPLIST_FILE = find_shop/Info.plist;
				LD_RUNPATH_SEARCH_PATHS = (
					"$(inherited)",
					"@executable_path/Frameworks",
				);
				PRODUCT_BUNDLE_IDENTIFIER = "yuya.find-shop";
				PRODUCT_NAME = "$(TARGET_NAME)";
				SWIFT_VERSION = 5.0;
				TARGETED_DEVICE_FAMILY = "1,2";
			};
			name = Debug;
		};
		241F40192427E117001547F6 /* Release */ = {
			isa = XCBuildConfiguration;
			baseConfigurationReference = FEBDD70B71936674C190AB57 /* Pods-find_shop.release.xcconfig */;
			buildSettings = {
				ASSETCATALOG_COMPILER_APPICON_NAME = AppIcon;
				CODE_SIGN_STYLE = Automatic;
				INFOPLIST_FILE = find_shop/Info.plist;
				LD_RUNPATH_SEARCH_PATHS = (
					"$(inherited)",
					"@executable_path/Frameworks",
				);
				PRODUCT_BUNDLE_IDENTIFIER = "yuya.find-shop";
				PRODUCT_NAME = "$(TARGET_NAME)";
				SWIFT_VERSION = 5.0;
				TARGETED_DEVICE_FAMILY = "1,2";
			};
			name = Release;
		};
/* End XCBuildConfiguration section */

/* Begin XCConfigurationList section */
		241F3FFE2427E114001547F6 /* Build configuration list for PBXProject "find_shop" */ = {
			isa = XCConfigurationList;
			buildConfigurations = (
				241F40152427E117001547F6 /* Debug */,
				241F40162427E117001547F6 /* Release */,
			);
			defaultConfigurationIsVisible = 0;
			defaultConfigurationName = Release;
		};
		241F40172427E117001547F6 /* Build configuration list for PBXNativeTarget "find_shop" */ = {
			isa = XCConfigurationList;
			buildConfigurations = (
				241F40182427E117001547F6 /* Debug */,
				241F40192427E117001547F6 /* Release */,
			);
			defaultConfigurationIsVisible = 0;
			defaultConfigurationName = Release;
		};
/* End XCConfigurationList section */
	};
	rootObject = 241F3FFB2427E114001547F6 /* Project object */;
}
